PODS:
  - FCFileManager (1.0.20)
  - FCUUID (1.3.1):
    - UICKeyChainStore (~> 2.1.0)
  - FMBase (0.0.4):
    - FCFileManager
    - FCUUID
    - Tweaks
    - UICKeyChainStore
    - YYKit
  - Tweaks (2.2.0)
  - UICKeyChainStore (2.1.2)
  - YYKit (1.0.9):
    - YYKit/no-arc (= 1.0.9)
  - YYKit/no-arc (1.0.9)

DEPENDENCIES:
  - FMBase (from `../`)

SPEC REPOS:
  https://github.com/cocoapods/specs.git:
    - FCFileManager
    - FCUUID
    - Tweaks
    - UICKeyChainStore
    - YYKit

EXTERNAL SOURCES:
  FMBase:
    :path: "../"

SPEC CHECKSUMS:
  FCFileManager: e0f73316e6aa2eb04d2ff4caa75fe7df1ae44270
  FCUUID: bb054fc90cd7cd99320f9f6ff8e130fe607fba05
  FMBase: da1f4fefc05719c7b054ea01372628a3a5aebab4
  Tweaks: 0c41be06d41b82a11f515c27711b65d343aa4af6
  UICKeyChainStore: 85db518bb1d294366d15ec9b92a416c4e670518f
  YYKit: 7cda43304a8dc3696c449041e2cb3107b4e236e7

PODFILE CHECKSUM: dc1430d630ba1a58d03cc2a86b39979f3d8e1225

COCOAPODS: 1.6.2
