PODS:
  - FMBase (0.0.1):
    - YYKit
  - YYKit (1.0.9):
    - YYKit/no-arc (= 1.0.9)
  - YYKit/no-arc (1.0.9)

DEPENDENCIES:
  - FMBase (from `../`)

SPEC REPOS:
  https://github.com/cocoapods/specs.git:
    - YYKit

EXTERNAL SOURCES:
  FMBase:
    :path: "../"

SPEC CHECKSUMS:
  FMBase: 5ab5185daecf535a1d7f97b8a221a328b9f7aec1
  YYKit: 7cda43304a8dc3696c449041e2cb3107b4e236e7

PODFILE CHECKSUM: dc1430d630ba1a58d03cc2a86b39979f3d8e1225

COCOAPODS: 1.6.2
